Microsoft Visual Studio Solution File, Format Version 12.00
# Visual Studio Version 17
VisualStudioVersion = 17.5.2.0
MinimumVisualStudioVersion = 10.0.40219.1
Project("{FAE04EC0-301F-11D3-BF4B-00C04F79EFBC}") = "netmovies-api", "netmovies-api.csproj", "{C17DE1A8-1E2A-8571-16CF-A28FE560152F}"
EndProject
Global
	GlobalSection(SolutionConfigurationPlatforms) = preSolution
		Debug|Any CPU = Debug|Any CPU
		Release|Any CPU = Release|Any CPU
	EndGlobalSection
	GlobalSection(ProjectConfigurationPlatforms) = postSolution
		{C17DE1A8-1E2A-8571-16CF-A28FE560152F}.Debug|Any CPU.ActiveCfg = Debug|Any CPU
		{C17DE1A8-1E2A-8571-16CF-A28FE560152F}.Debug|Any CPU.Build.0 = Debug|Any CPU
		{C17DE1A8-1E2A-8571-16CF-A28FE560152F}.Release|Any CPU.ActiveCfg = Release|Any CPU
		{C17DE1A8-1E2A-8571-16CF-A28FE560152F}.Release|Any CPU.Build.0 = Release|Any CPU
	EndGlobalSection
	GlobalSection(SolutionProperties) = preSolution
		HideSolutionNode = FALSE
	EndGlobalSection
	GlobalSection(ExtensibilityGlobals) = postSolution
		SolutionGuid = {23B9FF6B-A308-4037-9B67-8EF5D5B23667}
	EndGlobalSection
EndGlobal
